
Microsoft Visual Studio Solution File, Format Version 12.00
# Visual Studio 15
VisualStudioVersion = 15.0.26124.0
MinimumVisualStudioVersion = 15.0.26124.0
Project("{2150E333-8FDC-42A3-9474-1A3956D46DE8}") = "src", "src", "{1F77AA9A-2C82-4CC5-A896-EE6E0DDB7DB3}"
EndProject
Project("{FAE04EC0-301F-11D3-BF4B-00C04F79EFBC}") = "KubeClient", "src\KubeClient\KubeClient.csproj", "{7AF70CF9-260C-4C55-820E-B78E2E0AB53D}"
EndProject
Project("{FAE04EC0-301F-11D3-BF4B-00C04F79EFBC}") = "KubeClient.Extensions.DependencyInjection", "src\KubeClient.Extensions.DependencyInjection\KubeClient.Extensions.DependencyInjection.csproj", "{5364297F-03CE-4FFA-9A60-B9E154056428}"
EndProject
Project("{FAE04EC0-301F-11D3-BF4B-00C04F79EFBC}") = "KubeClient.KubeConfig", "src\KubeClient.KubeConfig\KubeClient.KubeConfig.csproj", "{7D9B22D4-1E8F-4F97-BF9F-DE83A8BA6776}"
EndProject
Global
	GlobalSection(SolutionConfigurationPlatforms) = preSolution
		Debug|Any CPU = Debug|Any CPU
		Debug|x64 = Debug|x64
		Debug|x86 = Debug|x86
		Release|Any CPU = Release|Any CPU
		Release|x64 = Release|x64
		Release|x86 = Release|x86
	EndGlobalSection
	GlobalSection(SolutionProperties) = preSolution
		HideSolutionNode = FALSE
	EndGlobalSection
	GlobalSection(ProjectConfigurationPlatforms) = postSolution
		{7AF70CF9-260C-4C55-820E-B78E2E0AB53D}.Debug|Any CPU.ActiveCfg = Debug|Any CPU
		{7AF70CF9-260C-4C55-820E-B78E2E0AB53D}.Debug|Any CPU.Build.0 = Debug|Any CPU
		{7AF70CF9-260C-4C55-820E-B78E2E0AB53D}.Debug|x64.ActiveCfg = Debug|x64
		{7AF70CF9-260C-4C55-820E-B78E2E0AB53D}.Debug|x64.Build.0 = Debug|x64
		{7AF70CF9-260C-4C55-820E-B78E2E0AB53D}.Debug|x86.ActiveCfg = Debug|x86
		{7AF70CF9-260C-4C55-820E-B78E2E0AB53D}.Debug|x86.Build.0 = Debug|x86
		{7AF70CF9-260C-4C55-820E-B78E2E0AB53D}.Release|Any CPU.ActiveCfg = Release|Any CPU
		{7AF70CF9-260C-4C55-820E-B78E2E0AB53D}.Release|Any CPU.Build.0 = Release|Any CPU
		{7AF70CF9-260C-4C55-820E-B78E2E0AB53D}.Release|x64.ActiveCfg = Release|x64
		{7AF70CF9-260C-4C55-820E-B78E2E0AB53D}.Release|x64.Build.0 = Release|x64
		{7AF70CF9-260C-4C55-820E-B78E2E0AB53D}.Release|x86.ActiveCfg = Release|x86
		{7AF70CF9-260C-4C55-820E-B78E2E0AB53D}.Release|x86.Build.0 = Release|x86
		{5364297F-03CE-4FFA-9A60-B9E154056428}.Debug|Any CPU.ActiveCfg = Debug|Any CPU
		{5364297F-03CE-4FFA-9A60-B9E154056428}.Debug|Any CPU.Build.0 = Debug|Any CPU
		{5364297F-03CE-4FFA-9A60-B9E154056428}.Debug|x64.ActiveCfg = Debug|x64
		{5364297F-03CE-4FFA-9A60-B9E154056428}.Debug|x64.Build.0 = Debug|x64
		{5364297F-03CE-4FFA-9A60-B9E154056428}.Debug|x86.ActiveCfg = Debug|x86
		{5364297F-03CE-4FFA-9A60-B9E154056428}.Debug|x86.Build.0 = Debug|x86
		{5364297F-03CE-4FFA-9A60-B9E154056428}.Release|Any CPU.ActiveCfg = Release|Any CPU
		{5364297F-03CE-4FFA-9A60-B9E154056428}.Release|Any CPU.Build.0 = Release|Any CPU
		{5364297F-03CE-4FFA-9A60-B9E154056428}.Release|x64.ActiveCfg = Release|x64
		{5364297F-03CE-4FFA-9A60-B9E154056428}.Release|x64.Build.0 = Release|x64
		{5364297F-03CE-4FFA-9A60-B9E154056428}.Release|x86.ActiveCfg = Release|x86
		{5364297F-03CE-4FFA-9A60-B9E154056428}.Release|x86.Build.0 = Release|x86
		{7D9B22D4-1E8F-4F97-BF9F-DE83A8BA6776}.Debug|Any CPU.ActiveCfg = Debug|Any CPU
		{7D9B22D4-1E8F-4F97-BF9F-DE83A8BA6776}.Debug|Any CPU.Build.0 = Debug|Any CPU
		{7D9B22D4-1E8F-4F97-BF9F-DE83A8BA6776}.Debug|x64.ActiveCfg = Debug|x64
		{7D9B22D4-1E8F-4F97-BF9F-DE83A8BA6776}.Debug|x64.Build.0 = Debug|x64
		{7D9B22D4-1E8F-4F97-BF9F-DE83A8BA6776}.Debug|x86.ActiveCfg = Debug|x86
		{7D9B22D4-1E8F-4F97-BF9F-DE83A8BA6776}.Debug|x86.Build.0 = Debug|x86
		{7D9B22D4-1E8F-4F97-BF9F-DE83A8BA6776}.Release|Any CPU.ActiveCfg = Release|Any CPU
		{7D9B22D4-1E8F-4F97-BF9F-DE83A8BA6776}.Release|Any CPU.Build.0 = Release|Any CPU
		{7D9B22D4-1E8F-4F97-BF9F-DE83A8BA6776}.Release|x64.ActiveCfg = Release|x64
		{7D9B22D4-1E8F-4F97-BF9F-DE83A8BA6776}.Release|x64.Build.0 = Release|x64
		{7D9B22D4-1E8F-4F97-BF9F-DE83A8BA6776}.Release|x86.ActiveCfg = Release|x86
		{7D9B22D4-1E8F-4F97-BF9F-DE83A8BA6776}.Release|x86.Build.0 = Release|x86
	EndGlobalSection
	GlobalSection(NestedProjects) = preSolution
		{7AF70CF9-260C-4C55-820E-B78E2E0AB53D} = {1F77AA9A-2C82-4CC5-A896-EE6E0DDB7DB3}
		{5364297F-03CE-4FFA-9A60-B9E154056428} = {1F77AA9A-2C82-4CC5-A896-EE6E0DDB7DB3}
		{7D9B22D4-1E8F-4F97-BF9F-DE83A8BA6776} = {1F77AA9A-2C82-4CC5-A896-EE6E0DDB7DB3}
	EndGlobalSection
EndGlobal
