Microsoft Visual Studio Solution File, Format Version 12.00
# Visual Studio 15
VisualStudioVersion = 15.0.27130.2024
MinimumVisualStudioVersion = 15.0.26124.0
Project("{2150E333-8FDC-42A3-9474-1A3956D46DE8}") = "src", "src", "{1F77AA9A-2C82-4CC5-A896-EE6E0DDB7DB3}"
EndProject
Project("{9A19103F-16F7-4668-BE54-9A1E7A4F7556}") = "KubeClient", "src\KubeClient\KubeClient.csproj", "{7AF70CF9-260C-4C55-820E-B78E2E0AB53D}"
EndProject
Project("{9A19103F-16F7-4668-BE54-9A1E7A4F7556}") = "KubeClient.Extensions.DependencyInjection", "src\KubeClient.Extensions.DependencyInjection\KubeClient.Extensions.DependencyInjection.csproj", "{5364297F-03CE-4FFA-9A60-B9E154056428}"
EndProject
Project("{9A19103F-16F7-4668-BE54-9A1E7A4F7556}") = "KubeClient.Extensions.KubeConfig", "src\KubeClient.Extensions.KubeConfig\KubeClient.Extensions.KubeConfig.csproj", "{7D9B22D4-1E8F-4F97-BF9F-DE83A8BA6776}"
EndProject
Project("{2150E333-8FDC-42A3-9474-1A3956D46DE8}") = "test", "test", "{0F92C90F-A489-4059-AE24-36361B883E81}"
EndProject
Project("{9A19103F-16F7-4668-BE54-9A1E7A4F7556}") = "KubeClient.Extensions.KubeConfig.Tests", "test\KubeClient.Extensions.KubeConfig.Tests\KubeClient.Extensions.KubeConfig.Tests.csproj", "{BE51905A-ACB7-48CD-96DC-6C8CC426A95E}"
EndProject
Project("{9A19103F-16F7-4668-BE54-9A1E7A4F7556}") = "KubeClient.Tests", "test\KubeClient.Tests\KubeClient.Tests.csproj", "{4A6764AC-5DE6-4F86-8333-323C6F9FFA20}"
EndProject
Project("{9A19103F-16F7-4668-BE54-9A1E7A4F7556}") = "KubeClient.Extensions.WebSockets", "src\KubeClient.Extensions.WebSockets\KubeClient.Extensions.WebSockets.csproj", "{BB6A404E-E0C8-457B-9099-26BA0DF512E0}"
EndProject
Project("{9A19103F-16F7-4668-BE54-9A1E7A4F7556}") = "KubeClient.Extensions.WebSockets.Tests", "test\KubeClient.Extensions.WebSockets.Tests\KubeClient.Extensions.WebSockets.Tests.csproj", "{B034151E-DE0F-44D0-B641-81C0577CDFE1}"
EndProject
Project("{FAE04EC0-301F-11D3-BF4B-00C04F79EFBC}") = "KubeClient.TestCommon", "test\KubeClient.TestCommon\KubeClient.TestCommon.csproj", "{4779D688-6868-45DB-8D27-76F490F53D25}"
EndProject
Project("{2150E333-8FDC-42A3-9474-1A3956D46DE8}") = "samples", "samples", "{619D7194-2A3C-4C5C-A5A3-EBAD28C1D65F}"
EndProject
Project("{FAE04EC0-301F-11D3-BF4B-00C04F79EFBC}") = "NoobExec", "samples\noob-exec\NoobExec.csproj", "{E1053818-B949-48F0-8E9C-2261A13FB4E4}"
EndProject
Project("{FAE04EC0-301F-11D3-BF4B-00C04F79EFBC}") = "KubeClient.Extensions.Configuration", "src\KubeClient.Extensions.Configuration\KubeClient.Extensions.Configuration.csproj", "{230182E7-275E-40D5-B8AF-163F5DFF88E1}"
EndProject
Project("{FAE04EC0-301F-11D3-BF4B-00C04F79EFBC}") = "ConfigFromConfigMap", "samples\ConfigFromConfigMap\ConfigFromConfigMap.csproj", "{904A38F8-C977-4A2C-9D38-BB1ECBAF7FAA}"
EndProject
Project("{FAE04EC0-301F-11D3-BF4B-00C04F79EFBC}") = "KubeClient.Extensions.CustomResources", "src\KubeClient.Extensions.CustomResources\KubeClient.Extensions.CustomResources.csproj", "{7A5BA699-184B-4AF9-95C9-85AC0833AD59}"
EndProject
Project("{FAE04EC0-301F-11D3-BF4B-00C04F79EFBC}") = "ExtensionsSample", "samples\ExtensionsSample\ExtensionsSample.csproj", "{4DCB98B3-4B9D-4A80-A819-60281A1B0739}"
EndProject
Project("{FAE04EC0-301F-11D3-BF4B-00C04F79EFBC}") = "DeploymentWithRollback", "samples\DeploymentWithRollback\DeploymentWithRollback.csproj", "{2DEC9BCC-AA1C-4A1A-B0EA-FC5930297568}"
EndProject
Global
	GlobalSection(SolutionConfigurationPlatforms) = preSolution
		Debug|Any CPU = Debug|Any CPU
		Debug|x64 = Debug|x64
		Debug|x86 = Debug|x86
		Release|Any CPU = Release|Any CPU
		Release|x64 = Release|x64
		Release|x86 = Release|x86
	EndGlobalSection
	GlobalSection(ProjectConfigurationPlatforms) = postSolution
		{7AF70CF9-260C-4C55-820E-B78E2E0AB53D}.Debug|Any CPU.ActiveCfg = Debug|Any CPU
		{7AF70CF9-260C-4C55-820E-B78E2E0AB53D}.Debug|Any CPU.Build.0 = Debug|Any CPU
		{7AF70CF9-260C-4C55-820E-B78E2E0AB53D}.Debug|x64.ActiveCfg = Debug|Any CPU
		{7AF70CF9-260C-4C55-820E-B78E2E0AB53D}.Debug|x64.Build.0 = Debug|Any CPU
		{7AF70CF9-260C-4C55-820E-B78E2E0AB53D}.Debug|x86.ActiveCfg = Debug|Any CPU
		{7AF70CF9-260C-4C55-820E-B78E2E0AB53D}.Debug|x86.Build.0 = Debug|Any CPU
		{7AF70CF9-260C-4C55-820E-B78E2E0AB53D}.Release|Any CPU.ActiveCfg = Release|Any CPU
		{7AF70CF9-260C-4C55-820E-B78E2E0AB53D}.Release|Any CPU.Build.0 = Release|Any CPU
		{7AF70CF9-260C-4C55-820E-B78E2E0AB53D}.Release|x64.ActiveCfg = Release|Any CPU
		{7AF70CF9-260C-4C55-820E-B78E2E0AB53D}.Release|x64.Build.0 = Release|Any CPU
		{7AF70CF9-260C-4C55-820E-B78E2E0AB53D}.Release|x86.ActiveCfg = Release|Any CPU
		{7AF70CF9-260C-4C55-820E-B78E2E0AB53D}.Release|x86.Build.0 = Release|Any CPU
		{5364297F-03CE-4FFA-9A60-B9E154056428}.Debug|Any CPU.ActiveCfg = Debug|Any CPU
		{5364297F-03CE-4FFA-9A60-B9E154056428}.Debug|Any CPU.Build.0 = Debug|Any CPU
		{5364297F-03CE-4FFA-9A60-B9E154056428}.Debug|x64.ActiveCfg = Debug|Any CPU
		{5364297F-03CE-4FFA-9A60-B9E154056428}.Debug|x64.Build.0 = Debug|Any CPU
		{5364297F-03CE-4FFA-9A60-B9E154056428}.Debug|x86.ActiveCfg = Debug|Any CPU
		{5364297F-03CE-4FFA-9A60-B9E154056428}.Debug|x86.Build.0 = Debug|Any CPU
		{5364297F-03CE-4FFA-9A60-B9E154056428}.Release|Any CPU.ActiveCfg = Release|Any CPU
		{5364297F-03CE-4FFA-9A60-B9E154056428}.Release|Any CPU.Build.0 = Release|Any CPU
		{5364297F-03CE-4FFA-9A60-B9E154056428}.Release|x64.ActiveCfg = Release|Any CPU
		{5364297F-03CE-4FFA-9A60-B9E154056428}.Release|x64.Build.0 = Release|Any CPU
		{5364297F-03CE-4FFA-9A60-B9E154056428}.Release|x86.ActiveCfg = Release|Any CPU
		{5364297F-03CE-4FFA-9A60-B9E154056428}.Release|x86.Build.0 = Release|Any CPU
		{7D9B22D4-1E8F-4F97-BF9F-DE83A8BA6776}.Debug|Any CPU.ActiveCfg = Debug|Any CPU
		{7D9B22D4-1E8F-4F97-BF9F-DE83A8BA6776}.Debug|Any CPU.Build.0 = Debug|Any CPU
		{7D9B22D4-1E8F-4F97-BF9F-DE83A8BA6776}.Debug|x64.ActiveCfg = Debug|Any CPU
		{7D9B22D4-1E8F-4F97-BF9F-DE83A8BA6776}.Debug|x64.Build.0 = Debug|Any CPU
		{7D9B22D4-1E8F-4F97-BF9F-DE83A8BA6776}.Debug|x86.ActiveCfg = Debug|Any CPU
		{7D9B22D4-1E8F-4F97-BF9F-DE83A8BA6776}.Debug|x86.Build.0 = Debug|Any CPU
		{7D9B22D4-1E8F-4F97-BF9F-DE83A8BA6776}.Release|Any CPU.ActiveCfg = Release|Any CPU
		{7D9B22D4-1E8F-4F97-BF9F-DE83A8BA6776}.Release|Any CPU.Build.0 = Release|Any CPU
		{7D9B22D4-1E8F-4F97-BF9F-DE83A8BA6776}.Release|x64.ActiveCfg = Release|Any CPU
		{7D9B22D4-1E8F-4F97-BF9F-DE83A8BA6776}.Release|x64.Build.0 = Release|Any CPU
		{7D9B22D4-1E8F-4F97-BF9F-DE83A8BA6776}.Release|x86.ActiveCfg = Release|Any CPU
		{7D9B22D4-1E8F-4F97-BF9F-DE83A8BA6776}.Release|x86.Build.0 = Release|Any CPU
		{BE51905A-ACB7-48CD-96DC-6C8CC426A95E}.Debug|Any CPU.ActiveCfg = Debug|Any CPU
		{BE51905A-ACB7-48CD-96DC-6C8CC426A95E}.Debug|Any CPU.Build.0 = Debug|Any CPU
		{BE51905A-ACB7-48CD-96DC-6C8CC426A95E}.Debug|x64.ActiveCfg = Debug|Any CPU
		{BE51905A-ACB7-48CD-96DC-6C8CC426A95E}.Debug|x64.Build.0 = Debug|Any CPU
		{BE51905A-ACB7-48CD-96DC-6C8CC426A95E}.Debug|x86.ActiveCfg = Debug|Any CPU
		{BE51905A-ACB7-48CD-96DC-6C8CC426A95E}.Debug|x86.Build.0 = Debug|Any CPU
		{BE51905A-ACB7-48CD-96DC-6C8CC426A95E}.Release|Any CPU.ActiveCfg = Release|Any CPU
		{BE51905A-ACB7-48CD-96DC-6C8CC426A95E}.Release|Any CPU.Build.0 = Release|Any CPU
		{BE51905A-ACB7-48CD-96DC-6C8CC426A95E}.Release|x64.ActiveCfg = Release|Any CPU
		{BE51905A-ACB7-48CD-96DC-6C8CC426A95E}.Release|x64.Build.0 = Release|Any CPU
		{BE51905A-ACB7-48CD-96DC-6C8CC426A95E}.Release|x86.ActiveCfg = Release|Any CPU
		{BE51905A-ACB7-48CD-96DC-6C8CC426A95E}.Release|x86.Build.0 = Release|Any CPU
		{4A6764AC-5DE6-4F86-8333-323C6F9FFA20}.Debug|Any CPU.ActiveCfg = Debug|Any CPU
		{4A6764AC-5DE6-4F86-8333-323C6F9FFA20}.Debug|Any CPU.Build.0 = Debug|Any CPU
		{4A6764AC-5DE6-4F86-8333-323C6F9FFA20}.Debug|x64.ActiveCfg = Debug|Any CPU
		{4A6764AC-5DE6-4F86-8333-323C6F9FFA20}.Debug|x64.Build.0 = Debug|Any CPU
		{4A6764AC-5DE6-4F86-8333-323C6F9FFA20}.Debug|x86.ActiveCfg = Debug|Any CPU
		{4A6764AC-5DE6-4F86-8333-323C6F9FFA20}.Debug|x86.Build.0 = Debug|Any CPU
		{4A6764AC-5DE6-4F86-8333-323C6F9FFA20}.Release|Any CPU.ActiveCfg = Release|Any CPU
		{4A6764AC-5DE6-4F86-8333-323C6F9FFA20}.Release|Any CPU.Build.0 = Release|Any CPU
		{4A6764AC-5DE6-4F86-8333-323C6F9FFA20}.Release|x64.ActiveCfg = Release|x64
		{4A6764AC-5DE6-4F86-8333-323C6F9FFA20}.Release|x64.Build.0 = Release|x64
		{4A6764AC-5DE6-4F86-8333-323C6F9FFA20}.Release|x86.ActiveCfg = Release|x86
		{4A6764AC-5DE6-4F86-8333-323C6F9FFA20}.Release|x86.Build.0 = Release|x86
		{4779D688-6868-45DB-8D27-76F490F53D25}.Debug|Any CPU.ActiveCfg = Debug|Any CPU
		{4779D688-6868-45DB-8D27-76F490F53D25}.Debug|Any CPU.Build.0 = Debug|Any CPU
		{4779D688-6868-45DB-8D27-76F490F53D25}.Debug|x64.ActiveCfg = Debug|Any CPU
		{4779D688-6868-45DB-8D27-76F490F53D25}.Debug|x64.Build.0 = Debug|Any CPU
		{4779D688-6868-45DB-8D27-76F490F53D25}.Debug|x86.ActiveCfg = Debug|Any CPU
		{4779D688-6868-45DB-8D27-76F490F53D25}.Debug|x86.Build.0 = Debug|Any CPU
		{4779D688-6868-45DB-8D27-76F490F53D25}.Release|Any CPU.ActiveCfg = Release|Any CPU
		{4779D688-6868-45DB-8D27-76F490F53D25}.Release|Any CPU.Build.0 = Release|Any CPU
		{4779D688-6868-45DB-8D27-76F490F53D25}.Release|x64.ActiveCfg = Release|Any CPU
		{4779D688-6868-45DB-8D27-76F490F53D25}.Release|x64.Build.0 = Release|Any CPU
		{4779D688-6868-45DB-8D27-76F490F53D25}.Release|x86.ActiveCfg = Release|Any CPU
		{4779D688-6868-45DB-8D27-76F490F53D25}.Release|x86.Build.0 = Release|Any CPU
		{4A6764AC-5DE6-4F86-8333-323C6F9FFA20}.Release|x64.ActiveCfg = Release|Any CPU
		{4A6764AC-5DE6-4F86-8333-323C6F9FFA20}.Release|x64.Build.0 = Release|Any CPU
		{4A6764AC-5DE6-4F86-8333-323C6F9FFA20}.Release|x86.ActiveCfg = Release|Any CPU
		{4A6764AC-5DE6-4F86-8333-323C6F9FFA20}.Release|x86.Build.0 = Release|Any CPU
		{BB6A404E-E0C8-457B-9099-26BA0DF512E0}.Debug|Any CPU.ActiveCfg = Debug|Any CPU
		{BB6A404E-E0C8-457B-9099-26BA0DF512E0}.Debug|Any CPU.Build.0 = Debug|Any CPU
		{BB6A404E-E0C8-457B-9099-26BA0DF512E0}.Debug|x64.ActiveCfg = Debug|Any CPU
		{BB6A404E-E0C8-457B-9099-26BA0DF512E0}.Debug|x64.Build.0 = Debug|Any CPU
		{BB6A404E-E0C8-457B-9099-26BA0DF512E0}.Debug|x86.ActiveCfg = Debug|Any CPU
		{BB6A404E-E0C8-457B-9099-26BA0DF512E0}.Debug|x86.Build.0 = Debug|Any CPU
		{BB6A404E-E0C8-457B-9099-26BA0DF512E0}.Release|Any CPU.ActiveCfg = Release|Any CPU
		{BB6A404E-E0C8-457B-9099-26BA0DF512E0}.Release|Any CPU.Build.0 = Release|Any CPU
		{BB6A404E-E0C8-457B-9099-26BA0DF512E0}.Release|x64.ActiveCfg = Release|Any CPU
		{BB6A404E-E0C8-457B-9099-26BA0DF512E0}.Release|x64.Build.0 = Release|Any CPU
		{BB6A404E-E0C8-457B-9099-26BA0DF512E0}.Release|x86.ActiveCfg = Release|Any CPU
		{BB6A404E-E0C8-457B-9099-26BA0DF512E0}.Release|x86.Build.0 = Release|Any CPU
		{B034151E-DE0F-44D0-B641-81C0577CDFE1}.Debug|Any CPU.ActiveCfg = Debug|Any CPU
		{B034151E-DE0F-44D0-B641-81C0577CDFE1}.Debug|Any CPU.Build.0 = Debug|Any CPU
		{B034151E-DE0F-44D0-B641-81C0577CDFE1}.Debug|x64.ActiveCfg = Debug|Any CPU
		{B034151E-DE0F-44D0-B641-81C0577CDFE1}.Debug|x64.Build.0 = Debug|Any CPU
		{B034151E-DE0F-44D0-B641-81C0577CDFE1}.Debug|x86.ActiveCfg = Debug|Any CPU
		{B034151E-DE0F-44D0-B641-81C0577CDFE1}.Debug|x86.Build.0 = Debug|Any CPU
		{B034151E-DE0F-44D0-B641-81C0577CDFE1}.Release|Any CPU.ActiveCfg = Release|Any CPU
		{B034151E-DE0F-44D0-B641-81C0577CDFE1}.Release|Any CPU.Build.0 = Release|Any CPU
		{B034151E-DE0F-44D0-B641-81C0577CDFE1}.Release|x64.ActiveCfg = Release|Any CPU
		{B034151E-DE0F-44D0-B641-81C0577CDFE1}.Release|x64.Build.0 = Release|Any CPU
		{B034151E-DE0F-44D0-B641-81C0577CDFE1}.Release|x86.ActiveCfg = Release|Any CPU
		{B034151E-DE0F-44D0-B641-81C0577CDFE1}.Release|x86.Build.0 = Release|Any CPU
		{E1053818-B949-48F0-8E9C-2261A13FB4E4}.Debug|Any CPU.ActiveCfg = Debug|Any CPU
		{E1053818-B949-48F0-8E9C-2261A13FB4E4}.Debug|Any CPU.Build.0 = Debug|Any CPU
		{E1053818-B949-48F0-8E9C-2261A13FB4E4}.Debug|x64.ActiveCfg = Debug|Any CPU
		{E1053818-B949-48F0-8E9C-2261A13FB4E4}.Debug|x64.Build.0 = Debug|Any CPU
		{E1053818-B949-48F0-8E9C-2261A13FB4E4}.Debug|x86.ActiveCfg = Debug|Any CPU
		{E1053818-B949-48F0-8E9C-2261A13FB4E4}.Debug|x86.Build.0 = Debug|Any CPU
		{E1053818-B949-48F0-8E9C-2261A13FB4E4}.Release|Any CPU.ActiveCfg = Release|Any CPU
		{E1053818-B949-48F0-8E9C-2261A13FB4E4}.Release|Any CPU.Build.0 = Release|Any CPU
		{E1053818-B949-48F0-8E9C-2261A13FB4E4}.Release|x64.ActiveCfg = Release|Any CPU
		{E1053818-B949-48F0-8E9C-2261A13FB4E4}.Release|x64.Build.0 = Release|Any CPU
		{E1053818-B949-48F0-8E9C-2261A13FB4E4}.Release|x86.ActiveCfg = Release|Any CPU
		{E1053818-B949-48F0-8E9C-2261A13FB4E4}.Release|x86.Build.0 = Release|Any CPU
		{230182E7-275E-40D5-B8AF-163F5DFF88E1}.Debug|Any CPU.ActiveCfg = Debug|Any CPU
		{230182E7-275E-40D5-B8AF-163F5DFF88E1}.Debug|Any CPU.Build.0 = Debug|Any CPU
		{230182E7-275E-40D5-B8AF-163F5DFF88E1}.Debug|x64.ActiveCfg = Debug|Any CPU
		{230182E7-275E-40D5-B8AF-163F5DFF88E1}.Debug|x64.Build.0 = Debug|Any CPU
		{230182E7-275E-40D5-B8AF-163F5DFF88E1}.Debug|x86.ActiveCfg = Debug|Any CPU
		{230182E7-275E-40D5-B8AF-163F5DFF88E1}.Debug|x86.Build.0 = Debug|Any CPU
		{230182E7-275E-40D5-B8AF-163F5DFF88E1}.Release|Any CPU.ActiveCfg = Release|Any CPU
		{230182E7-275E-40D5-B8AF-163F5DFF88E1}.Release|Any CPU.Build.0 = Release|Any CPU
		{230182E7-275E-40D5-B8AF-163F5DFF88E1}.Release|x64.ActiveCfg = Release|Any CPU
		{230182E7-275E-40D5-B8AF-163F5DFF88E1}.Release|x64.Build.0 = Release|Any CPU
		{230182E7-275E-40D5-B8AF-163F5DFF88E1}.Release|x86.ActiveCfg = Release|Any CPU
		{230182E7-275E-40D5-B8AF-163F5DFF88E1}.Release|x86.Build.0 = Release|Any CPU
		{904A38F8-C977-4A2C-9D38-BB1ECBAF7FAA}.Debug|Any CPU.ActiveCfg = Debug|Any CPU
		{904A38F8-C977-4A2C-9D38-BB1ECBAF7FAA}.Debug|Any CPU.Build.0 = Debug|Any CPU
		{904A38F8-C977-4A2C-9D38-BB1ECBAF7FAA}.Debug|x64.ActiveCfg = Debug|Any CPU
		{904A38F8-C977-4A2C-9D38-BB1ECBAF7FAA}.Debug|x64.Build.0 = Debug|Any CPU
		{904A38F8-C977-4A2C-9D38-BB1ECBAF7FAA}.Debug|x86.ActiveCfg = Debug|Any CPU
		{904A38F8-C977-4A2C-9D38-BB1ECBAF7FAA}.Debug|x86.Build.0 = Debug|Any CPU
		{904A38F8-C977-4A2C-9D38-BB1ECBAF7FAA}.Release|Any CPU.ActiveCfg = Release|Any CPU
		{904A38F8-C977-4A2C-9D38-BB1ECBAF7FAA}.Release|Any CPU.Build.0 = Release|Any CPU
		{904A38F8-C977-4A2C-9D38-BB1ECBAF7FAA}.Release|x64.ActiveCfg = Release|Any CPU
		{904A38F8-C977-4A2C-9D38-BB1ECBAF7FAA}.Release|x64.Build.0 = Release|Any CPU
		{904A38F8-C977-4A2C-9D38-BB1ECBAF7FAA}.Release|x86.ActiveCfg = Release|Any CPU
		{904A38F8-C977-4A2C-9D38-BB1ECBAF7FAA}.Release|x86.Build.0 = Release|Any CPU
		{7A5BA699-184B-4AF9-95C9-85AC0833AD59}.Debug|Any CPU.ActiveCfg = Debug|Any CPU
		{7A5BA699-184B-4AF9-95C9-85AC0833AD59}.Debug|Any CPU.Build.0 = Debug|Any CPU
		{7A5BA699-184B-4AF9-95C9-85AC0833AD59}.Debug|x64.ActiveCfg = Debug|Any CPU
		{7A5BA699-184B-4AF9-95C9-85AC0833AD59}.Debug|x64.Build.0 = Debug|Any CPU
		{7A5BA699-184B-4AF9-95C9-85AC0833AD59}.Debug|x86.ActiveCfg = Debug|Any CPU
		{7A5BA699-184B-4AF9-95C9-85AC0833AD59}.Debug|x86.Build.0 = Debug|Any CPU
		{7A5BA699-184B-4AF9-95C9-85AC0833AD59}.Release|Any CPU.ActiveCfg = Release|Any CPU
		{7A5BA699-184B-4AF9-95C9-85AC0833AD59}.Release|Any CPU.Build.0 = Release|Any CPU
		{7A5BA699-184B-4AF9-95C9-85AC0833AD59}.Release|x64.ActiveCfg = Release|Any CPU
		{7A5BA699-184B-4AF9-95C9-85AC0833AD59}.Release|x64.Build.0 = Release|Any CPU
		{7A5BA699-184B-4AF9-95C9-85AC0833AD59}.Release|x86.ActiveCfg = Release|Any CPU
		{7A5BA699-184B-4AF9-95C9-85AC0833AD59}.Release|x86.Build.0 = Release|Any CPU
		{4DCB98B3-4B9D-4A80-A819-60281A1B0739}.Debug|Any CPU.ActiveCfg = Debug|Any CPU
		{4DCB98B3-4B9D-4A80-A819-60281A1B0739}.Debug|Any CPU.Build.0 = Debug|Any CPU
		{4DCB98B3-4B9D-4A80-A819-60281A1B0739}.Debug|x64.ActiveCfg = Debug|Any CPU
		{4DCB98B3-4B9D-4A80-A819-60281A1B0739}.Debug|x64.Build.0 = Debug|Any CPU
		{4DCB98B3-4B9D-4A80-A819-60281A1B0739}.Debug|x86.ActiveCfg = Debug|Any CPU
		{4DCB98B3-4B9D-4A80-A819-60281A1B0739}.Debug|x86.Build.0 = Debug|Any CPU
		{4DCB98B3-4B9D-4A80-A819-60281A1B0739}.Release|Any CPU.ActiveCfg = Release|Any CPU
		{4DCB98B3-4B9D-4A80-A819-60281A1B0739}.Release|Any CPU.Build.0 = Release|Any CPU
		{4DCB98B3-4B9D-4A80-A819-60281A1B0739}.Release|x64.ActiveCfg = Release|Any CPU
		{4DCB98B3-4B9D-4A80-A819-60281A1B0739}.Release|x64.Build.0 = Release|Any CPU
		{4DCB98B3-4B9D-4A80-A819-60281A1B0739}.Release|x86.ActiveCfg = Release|Any CPU
		{4DCB98B3-4B9D-4A80-A819-60281A1B0739}.Release|x86.Build.0 = Release|Any CPU
		{2DEC9BCC-AA1C-4A1A-B0EA-FC5930297568}.Debug|Any CPU.ActiveCfg = Debug|Any CPU
		{2DEC9BCC-AA1C-4A1A-B0EA-FC5930297568}.Debug|Any CPU.Build.0 = Debug|Any CPU
		{2DEC9BCC-AA1C-4A1A-B0EA-FC5930297568}.Debug|x64.ActiveCfg = Debug|Any CPU
		{2DEC9BCC-AA1C-4A1A-B0EA-FC5930297568}.Debug|x64.Build.0 = Debug|Any CPU
		{2DEC9BCC-AA1C-4A1A-B0EA-FC5930297568}.Debug|x86.ActiveCfg = Debug|Any CPU
		{2DEC9BCC-AA1C-4A1A-B0EA-FC5930297568}.Debug|x86.Build.0 = Debug|Any CPU
		{2DEC9BCC-AA1C-4A1A-B0EA-FC5930297568}.Release|Any CPU.ActiveCfg = Release|Any CPU
		{2DEC9BCC-AA1C-4A1A-B0EA-FC5930297568}.Release|Any CPU.Build.0 = Release|Any CPU
		{2DEC9BCC-AA1C-4A1A-B0EA-FC5930297568}.Release|x64.ActiveCfg = Release|Any CPU
		{2DEC9BCC-AA1C-4A1A-B0EA-FC5930297568}.Release|x64.Build.0 = Release|Any CPU
		{2DEC9BCC-AA1C-4A1A-B0EA-FC5930297568}.Release|x86.ActiveCfg = Release|Any CPU
		{2DEC9BCC-AA1C-4A1A-B0EA-FC5930297568}.Release|x86.Build.0 = Release|Any CPU
	EndGlobalSection
	GlobalSection(SolutionProperties) = preSolution
		HideSolutionNode = FALSE
	EndGlobalSection
	GlobalSection(NestedProjects) = preSolution
		{7AF70CF9-260C-4C55-820E-B78E2E0AB53D} = {1F77AA9A-2C82-4CC5-A896-EE6E0DDB7DB3}
		{5364297F-03CE-4FFA-9A60-B9E154056428} = {1F77AA9A-2C82-4CC5-A896-EE6E0DDB7DB3}
		{7D9B22D4-1E8F-4F97-BF9F-DE83A8BA6776} = {1F77AA9A-2C82-4CC5-A896-EE6E0DDB7DB3}
		{BE51905A-ACB7-48CD-96DC-6C8CC426A95E} = {0F92C90F-A489-4059-AE24-36361B883E81}
		{4A6764AC-5DE6-4F86-8333-323C6F9FFA20} = {0F92C90F-A489-4059-AE24-36361B883E81}
		{4779D688-6868-45DB-8D27-76F490F53D25} = {0F92C90F-A489-4059-AE24-36361B883E81}
		{BB6A404E-E0C8-457B-9099-26BA0DF512E0} = {1F77AA9A-2C82-4CC5-A896-EE6E0DDB7DB3}
		{B034151E-DE0F-44D0-B641-81C0577CDFE1} = {0F92C90F-A489-4059-AE24-36361B883E81}
		{E1053818-B949-48F0-8E9C-2261A13FB4E4} = {619D7194-2A3C-4C5C-A5A3-EBAD28C1D65F}
		{230182E7-275E-40D5-B8AF-163F5DFF88E1} = {1F77AA9A-2C82-4CC5-A896-EE6E0DDB7DB3}
		{904A38F8-C977-4A2C-9D38-BB1ECBAF7FAA} = {619D7194-2A3C-4C5C-A5A3-EBAD28C1D65F}
		{7A5BA699-184B-4AF9-95C9-85AC0833AD59} = {1F77AA9A-2C82-4CC5-A896-EE6E0DDB7DB3}
		{4DCB98B3-4B9D-4A80-A819-60281A1B0739} = {619D7194-2A3C-4C5C-A5A3-EBAD28C1D65F}
		{2DEC9BCC-AA1C-4A1A-B0EA-FC5930297568} = {619D7194-2A3C-4C5C-A5A3-EBAD28C1D65F}
	EndGlobalSection
	GlobalSection(ExtensibilityGlobals) = postSolution
		SolutionGuid = {191B89E7-F944-4315-9E98-F6F736D27296}
	EndGlobalSection
EndGlobal
