
Microsoft Visual Studio Solution File, Format Version 12.00
# Visual Studio 15
VisualStudioVersion = 15.0.26124.0
MinimumVisualStudioVersion = 15.0.26124.0
Project("{9A19103F-16F7-4668-BE54-9A1E7A4F7556}") = "ExtensionsSample", "ExtensionsSample.csproj", "{7C04584D-0F18-473A-88C7-CC3521968C6F}"
EndProject
Project("{9A19103F-16F7-4668-BE54-9A1E7A4F7556}") = "KubeClient", "..\..\src\KubeClient\KubeClient.csproj", "{12D138B4-F084-4646-9B91-1D15BFDBB4AB}"
EndProject
Project("{9A19103F-16F7-4668-BE54-9A1E7A4F7556}") = "KubeClient.Extensions.Configuration", "..\..\src\KubeClient.Extensions.Configuration\KubeClient.Extensions.Configuration.csproj", "{777E3F41-B044-4871-8BBA-F5227D2F4943}"
EndProject
Global
	GlobalSection(SolutionConfigurationPlatforms) = preSolution
		Debug|Any CPU = Debug|Any CPU
		Release|Any CPU = Release|Any CPU
	EndGlobalSection
	GlobalSection(ProjectConfigurationPlatforms) = postSolution
		{7C04584D-0F18-473A-88C7-CC3521968C6F}.Debug|Any CPU.ActiveCfg = Debug|Any CPU
		{7C04584D-0F18-473A-88C7-CC3521968C6F}.Debug|Any CPU.Build.0 = Debug|Any CPU
		{7C04584D-0F18-473A-88C7-CC3521968C6F}.Release|Any CPU.ActiveCfg = Release|Any CPU
		{7C04584D-0F18-473A-88C7-CC3521968C6F}.Release|Any CPU.Build.0 = Release|Any CPU
		{12D138B4-F084-4646-9B91-1D15BFDBB4AB}.Debug|Any CPU.ActiveCfg = Debug|Any CPU
		{12D138B4-F084-4646-9B91-1D15BFDBB4AB}.Debug|Any CPU.Build.0 = Debug|Any CPU
		{12D138B4-F084-4646-9B91-1D15BFDBB4AB}.Release|Any CPU.ActiveCfg = Release|Any CPU
		{12D138B4-F084-4646-9B91-1D15BFDBB4AB}.Release|Any CPU.Build.0 = Release|Any CPU
		{777E3F41-B044-4871-8BBA-F5227D2F4943}.Debug|Any CPU.ActiveCfg = Debug|Any CPU
		{777E3F41-B044-4871-8BBA-F5227D2F4943}.Debug|Any CPU.Build.0 = Debug|Any CPU
		{777E3F41-B044-4871-8BBA-F5227D2F4943}.Release|Any CPU.ActiveCfg = Release|Any CPU
		{777E3F41-B044-4871-8BBA-F5227D2F4943}.Release|Any CPU.Build.0 = Release|Any CPU
	EndGlobalSection
	GlobalSection(SolutionProperties) = preSolution
		HideSolutionNode = FALSE
	EndGlobalSection
	GlobalSection(ExtensibilityGlobals) = postSolution
		SolutionGuid = {BB796CA0-F4BD-4487-836F-D04184247314}
	EndGlobalSection
EndGlobal
